// !$*UTF8*$!
{
	archiveVersion = 1;
	classes = {
	};
	objectVersion = 63;
	objects = {

/* Begin PBXBuildFile section */
		58639773EF6EB89977EF1C14 /* Pods_CRUD_Realm.framework in Frameworks */ = {isa = PBXBuildFile; fileRef = F0DD79238997C5D0A3BA4E78 /* Pods_CRUD_Realm.framework */; };
		F6384CB82CC2966300235DE4 /* Item.swift in Sources */ = {isa = PBXBuildFile; fileRef = F6384CB72CC2966300235DE4 /* Item.swift */; };
		F6384CBA2CC296CC00235DE4 /* Category.swift in Sources */ = {isa = PBXBuildFile; fileRef = F6384CB92CC296CC00235DE4 /* Category.swift */; };
		F6384CBC2CC29BA000235DE4 /* ToDoTableViewController.swift in Sources */ = {isa = PBXBuildFile; fileRef = F6384CBB2CC29BA000235DE4 /* ToDoTableViewController.swift */; };
		F67C2B892CC2B2E400971B39 /* SwipeTableViewController.swift in Sources */ = {isa = PBXBuildFile; fileRef = F67C2B882CC2B2E400971B39 /* SwipeTableViewController.swift */; };
		F6AC82812CC293F900CDA71C /* Assets.xcassets in Resources */ = {isa = PBXBuildFile; fileRef = F6AC82782CC293F900CDA71C /* Assets.xcassets */; };
		F6AC82832CC293F900CDA71C /* LaunchScreen.storyboard in Resources */ = {isa = PBXBuildFile; fileRef = F6AC827B2CC293F900CDA71C /* LaunchScreen.storyboard */; };
		F6AC82842CC293F900CDA71C /* Main.storyboard in Resources */ = {isa = PBXBuildFile; fileRef = F6AC827D2CC293F900CDA71C /* Main.storyboard */; };
		F6AC82852CC293F900CDA71C /* AppDelegate.swift in Sources */ = {isa = PBXBuildFile; fileRef = F6AC82772CC293F900CDA71C /* AppDelegate.swift */; };
		F6AC82862CC293F900CDA71C /* SceneDelegate.swift in Sources */ = {isa = PBXBuildFile; fileRef = F6AC827E2CC293F900CDA71C /* SceneDelegate.swift */; };
		F6CDD1C02CC2961B006C4665 /* HomeTableViewController.swift in Sources */ = {isa = PBXBuildFile; fileRef = F6CDD1BF2CC2961B006C4665 /* HomeTableViewController.swift */; };
/* End PBXBuildFile section */

/* Begin PBXFileReference section */
		4E385469E63560CC71BBDCE8 /* Pods-CRUD-Realm.release.xcconfig */ = {isa = PBXFileReference; includeInIndex = 1; lastKnownFileType = text.xcconfig; name = "Pods-CRUD-Realm.release.xcconfig"; path = "Target Support Files/Pods-CRUD-Realm/Pods-CRUD-Realm.release.xcconfig"; sourceTree = "<group>"; };
		E6F183E67B260A35051C6B1E /* Pods-CRUD-Realm.debug.xcconfig */ = {isa = PBXFileReference; includeInIndex = 1; lastKnownFileType = text.xcconfig; name = "Pods-CRUD-Realm.debug.xcconfig"; path = "Target Support Files/Pods-CRUD-Realm/Pods-CRUD-Realm.debug.xcconfig"; sourceTree = "<group>"; };
		F0DD79238997C5D0A3BA4E78 /* Pods_CRUD_Realm.framework */ = {isa = PBXFileReference; explicitFileType = wrapper.framework; includeInIndex = 0; path = Pods_CRUD_Realm.framework; sourceTree = BUILT_PRODUCTS_DIR; };
		F6384CB72CC2966300235DE4 /* Item.swift */ = {isa = PBXFileReference; lastKnownFileType = sourcecode.swift; path = Item.swift; sourceTree = "<group>"; };
		F6384CB92CC296CC00235DE4 /* Category.swift */ = {isa = PBXFileReference; lastKnownFileType = sourcecode.swift; path = Category.swift; sourceTree = "<group>"; };
		F6384CBB2CC29BA000235DE4 /* ToDoTableViewController.swift */ = {isa = PBXFileReference; lastKnownFileType = sourcecode.swift; path = ToDoTableViewController.swift; sourceTree = "<group>"; };
		F67C2B882CC2B2E400971B39 /* SwipeTableViewController.swift */ = {isa = PBXFileReference; lastKnownFileType = sourcecode.swift; path = SwipeTableViewController.swift; sourceTree = "<group>"; };
		F6AC825F2CC293EA00CDA71C /* CRUD-Realm.app */ = {isa = PBXFileReference; explicitFileType = wrapper.application; includeInIndex = 0; path = "CRUD-Realm.app"; sourceTree = BUILT_PRODUCTS_DIR; };
		F6AC82772CC293F900CDA71C /* AppDelegate.swift */ = {isa = PBXFileReference; lastKnownFileType = sourcecode.swift; path = AppDelegate.swift; sourceTree = "<group>"; };
		F6AC82782CC293F900CDA71C /* Assets.xcassets */ = {isa = PBXFileReference; lastKnownFileType = folder.assetcatalog; path = Assets.xcassets; sourceTree = "<group>"; };
		F6AC82792CC293F900CDA71C /* Info.plist */ = {isa = PBXFileReference; lastKnownFileType = text.plist.xml; path = Info.plist; sourceTree = "<group>"; };
		F6AC827A2CC293F900CDA71C /* Base */ = {isa = PBXFileReference; lastKnownFileType = file.storyboard; name = Base; path = Base.lproj/LaunchScreen.storyboard; sourceTree = "<group>"; };
		F6AC827C2CC293F900CDA71C /* Base */ = {isa = PBXFileReference; lastKnownFileType = file.storyboard; name = Base; path = Base.lproj/Main.storyboard; sourceTree = "<group>"; };
		F6AC827E2CC293F900CDA71C /* SceneDelegate.swift */ = {isa = PBXFileReference; lastKnownFileType = sourcecode.swift; path = SceneDelegate.swift; sourceTree = "<group>"; };
		F6CDD1BF2CC2961B006C4665 /* HomeTableViewController.swift */ = {isa = PBXFileReference; lastKnownFileType = sourcecode.swift; path = HomeTableViewController.swift; sourceTree = "<group>"; };
/* End PBXFileReference section */

/* Begin PBXFrameworksBuildPhase section */
		F6AC825C2CC293EA00CDA71C /* Frameworks */ = {
			isa = PBXFrameworksBuildPhase;
			buildActionMask = 2147483647;
			files = (
				58639773EF6EB89977EF1C14 /* Pods_CRUD_Realm.framework in Frameworks */,
			);
			runOnlyForDeploymentPostprocessing = 0;
		};
/* End PBXFrameworksBuildPhase section */

/* Begin PBXGroup section */
		31B066827B537DD6EB005EA8 /* Pods */ = {
			isa = PBXGroup;
			children = (
				E6F183E67B260A35051C6B1E /* Pods-CRUD-Realm.debug.xcconfig */,
				4E385469E63560CC71BBDCE8 /* Pods-CRUD-Realm.release.xcconfig */,
			);
			path = Pods;
			sourceTree = "<group>";
		};
		A9EF90DED70A962B54326435 /* Frameworks */ = {
			isa = PBXGroup;
			children = (
				F0DD79238997C5D0A3BA4E78 /* Pods_CRUD_Realm.framework */,
			);
			name = Frameworks;
			sourceTree = "<group>";
		};
		F6384CB62CC2965400235DE4 /* DataModel */ = {
			isa = PBXGroup;
			children = (
				F6384CB72CC2966300235DE4 /* Item.swift */,
				F6384CB92CC296CC00235DE4 /* Category.swift */,
			);
			path = DataModel;
			sourceTree = "<group>";
		};
		F6AC82562CC293EA00CDA71C = {
			isa = PBXGroup;
			children = (
				F6AC82802CC293F900CDA71C /* CRUD-Realm */,
				F6AC82602CC293EA00CDA71C /* Products */,
				31B066827B537DD6EB005EA8 /* Pods */,
				A9EF90DED70A962B54326435 /* Frameworks */,
			);
			sourceTree = "<group>";
		};
		F6AC82602CC293EA00CDA71C /* Products */ = {
			isa = PBXGroup;
			children = (
				F6AC825F2CC293EA00CDA71C /* CRUD-Realm.app */,
			);
			name = Products;
			sourceTree = "<group>";
		};
		F6AC82802CC293F900CDA71C /* CRUD-Realm */ = {
			isa = PBXGroup;
			children = (
				F6384CB62CC2965400235DE4 /* DataModel */,
				F6CDD1BE2CC29608006C4665 /* Controllers */,
				F6AC82772CC293F900CDA71C /* AppDelegate.swift */,
				F6AC82782CC293F900CDA71C /* Assets.xcassets */,
				F6AC82792CC293F900CDA71C /* Info.plist */,
				F6AC827B2CC293F900CDA71C /* LaunchScreen.storyboard */,
				F6AC827D2CC293F900CDA71C /* Main.storyboard */,
				F6AC827E2CC293F900CDA71C /* SceneDelegate.swift */,
			);
			path = "CRUD-Realm";
			sourceTree = "<group>";
		};
		F6CDD1BE2CC29608006C4665 /* Controllers */ = {
			isa = PBXGroup;
			children = (
				F6CDD1BF2CC2961B006C4665 /* HomeTableViewController.swift */,
				F6384CBB2CC29BA000235DE4 /* ToDoTableViewController.swift */,
				F67C2B882CC2B2E400971B39 /* SwipeTableViewController.swift */,
			);
			path = Controllers;
			sourceTree = "<group>";
		};
/* End PBXGroup section */

/* Begin PBXNativeTarget section */
		F6AC825E2CC293EA00CDA71C /* CRUD-Realm */ = {
			isa = PBXNativeTarget;
			buildConfigurationList = F6AC82722CC293EC00CDA71C /* Build configuration list for PBXNativeTarget "CRUD-Realm" */;
			buildPhases = (
				3FDD9E4C46AEA65D58D1AC93 /* [CP] Check Pods Manifest.lock */,
				F6AC825B2CC293EA00CDA71C /* Sources */,
				F6AC825C2CC293EA00CDA71C /* Frameworks */,
				F6AC825D2CC293EA00CDA71C /* Resources */,
				1563145C03A8481EC6D08F89 /* [CP] Embed Pods Frameworks */,
			);
			buildRules = (
			);
			dependencies = (
			);
			name = "CRUD-Realm";
			productName = "CRUD-Realm";
			productReference = F6AC825F2CC293EA00CDA71C /* CRUD-Realm.app */;
			productType = "com.apple.product-type.application";
		};
/* End PBXNativeTarget section */

/* Begin PBXProject section */
		F6AC82572CC293EA00CDA71C /* Project object */ = {
			isa = PBXProject;
			attributes = {
				BuildIndependentTargetsInParallel = 1;
				LastSwiftUpdateCheck = 1600;
				LastUpgradeCheck = 1600;
				TargetAttributes = {
					F6AC825E2CC293EA00CDA71C = {
						CreatedOnToolsVersion = 16.0;
					};
				};
			};
			buildConfigurationList = F6AC825A2CC293EA00CDA71C /* Build configuration list for PBXProject "DailyTasks" */;
			compatibilityVersion = "Xcode 14.0";
			developmentRegion = en;
			hasScannedForEncodings = 0;
			knownRegions = (
				en,
				Base,
			);
			mainGroup = F6AC82562CC293EA00CDA71C;
			minimizedProjectReferenceProxies = 1;
			productRefGroup = F6AC82602CC293EA00CDA71C /* Products */;
			projectDirPath = "";
			projectRoot = "";
			targets = (
				F6AC825E2CC293EA00CDA71C /* CRUD-Realm */,
			);
		};
/* End PBXProject section */

/* Begin PBXResourcesBuildPhase section */
		F6AC825D2CC293EA00CDA71C /* Resources */ = {
			isa = PBXResourcesBuildPhase;
			buildActionMask = 2147483647;
			files = (
				F6AC82812CC293F900CDA71C /* Assets.xcassets in Resources */,
				F6AC82832CC293F900CDA71C /* LaunchScreen.storyboard in Resources */,
				F6AC82842CC293F900CDA71C /* Main.storyboard in Resources */,
			);
			runOnlyForDeploymentPostprocessing = 0;
		};
/* End PBXResourcesBuildPhase section */

/* Begin PBXShellScriptBuildPhase section */
		1563145C03A8481EC6D08F89 /* [CP] Embed Pods Frameworks */ = {
			isa = PBXShellScriptBuildPhase;
			buildActionMask = 2147483647;
			files = (
			);
			inputFileListPaths = (
				"${PODS_ROOT}/Target Support Files/Pods-CRUD-Realm/Pods-CRUD-Realm-frameworks-${CONFIGURATION}-input-files.xcfilelist",
			);
			name = "[CP] Embed Pods Frameworks";
			outputFileListPaths = (
				"${PODS_ROOT}/Target Support Files/Pods-CRUD-Realm/Pods-CRUD-Realm-frameworks-${CONFIGURATION}-output-files.xcfilelist",
			);
			runOnlyForDeploymentPostprocessing = 0;
			shellPath = /bin/sh;
			shellScript = "\"${PODS_ROOT}/Target Support Files/Pods-CRUD-Realm/Pods-CRUD-Realm-frameworks.sh\"\n";
			showEnvVarsInLog = 0;
		};
		3FDD9E4C46AEA65D58D1AC93 /* [CP] Check Pods Manifest.lock */ = {
			isa = PBXShellScriptBuildPhase;
			buildActionMask = 2147483647;
			files = (
			);
			inputFileListPaths = (
			);
			inputPaths = (
				"${PODS_PODFILE_DIR_PATH}/Podfile.lock",
				"${PODS_ROOT}/Manifest.lock",
			);
			name = "[CP] Check Pods Manifest.lock";
			outputFileListPaths = (
			);
			outputPaths = (
				"$(DERIVED_FILE_DIR)/Pods-CRUD-Realm-checkManifestLockResult.txt",
			);
			runOnlyForDeploymentPostprocessing = 0;
			shellPath = /bin/sh;
			shellScript = "diff \"${PODS_PODFILE_DIR_PATH}/Podfile.lock\" \"${PODS_ROOT}/Manifest.lock\" > /dev/null\nif [ $? != 0 ] ; then\n    # print error to STDERR\n    echo \"error: The sandbox is not in sync with the Podfile.lock. Run 'pod install' or update your CocoaPods installation.\" >&2\n    exit 1\nfi\n# This output is used by Xcode 'outputs' to avoid re-running this script phase.\necho \"SUCCESS\" > \"${SCRIPT_OUTPUT_FILE_0}\"\n";
			showEnvVarsInLog = 0;
		};
/* End PBXShellScriptBuildPhase section */

/* Begin PBXSourcesBuildPhase section */
		F6AC825B2CC293EA00CDA71C /* Sources */ = {
			isa = PBXSourcesBuildPhase;
			buildActionMask = 2147483647;
			files = (
				F6384CB82CC2966300235DE4 /* Item.swift in Sources */,
				F6384CBC2CC29BA000235DE4 /* ToDoTableViewController.swift in Sources */,
				F6384CBA2CC296CC00235DE4 /* Category.swift in Sources */,
				F67C2B892CC2B2E400971B39 /* SwipeTableViewController.swift in Sources */,
				F6CDD1C02CC2961B006C4665 /* HomeTableViewController.swift in Sources */,
				F6AC82852CC293F900CDA71C /* AppDelegate.swift in Sources */,
				F6AC82862CC293F900CDA71C /* SceneDelegate.swift in Sources */,
			);
			runOnlyForDeploymentPostprocessing = 0;
		};
/* End PBXSourcesBuildPhase section */

/* Begin PBXVariantGroup section */
		F6AC827B2CC293F900CDA71C /* LaunchScreen.storyboard */ = {
			isa = PBXVariantGroup;
			children = (
				F6AC827A2CC293F900CDA71C /* Base */,
			);
			name = LaunchScreen.storyboard;
			sourceTree = "<group>";
		};
		F6AC827D2CC293F900CDA71C /* Main.storyboard */ = {
			isa = PBXVariantGroup;
			children = (
				F6AC827C2CC293F900CDA71C /* Base */,
			);
			name = Main.storyboard;
			sourceTree = "<group>";
		};
/* End PBXVariantGroup section */

/* Begin XCBuildConfiguration section */
		F6AC82732CC293EC00CDA71C /* Debug */ = {
			isa = XCBuildConfiguration;
			baseConfigurationReference = E6F183E67B260A35051C6B1E /* Pods-CRUD-Realm.debug.xcconfig */;
			buildSettings = {
				ASSETCATALOG_COMPILER_APPICON_NAME = AppIcon;
				ASSETCATALOG_COMPILER_GLOBAL_ACCENT_COLOR_NAME = AccentColor;
				CODE_SIGN_STYLE = Automatic;
				CURRENT_PROJECT_VERSION = 1;
				DEVELOPMENT_TEAM = LZ32UK447H;
				ENABLE_USER_SCRIPT_SANDBOXING = NO;
				GENERATE_INFOPLIST_FILE = YES;
				INFOPLIST_FILE = "CRUD-Realm/Info.plist";
				INFOPLIST_KEY_UIApplicationSupportsIndirectInputEvents = YES;
				INFOPLIST_KEY_UILaunchStoryboardName = LaunchScreen;
				INFOPLIST_KEY_UIMainStoryboardFile = Main;
				INFOPLIST_KEY_UISupportedInterfaceOrientations_iPad = "UIInterfaceOrientationPortrait UIInterfaceOrientationPortraitUpsideDown UIInterfaceOrientationLandscapeLeft UIInterfaceOrientationLandscapeRight";
				INFOPLIST_KEY_UISupportedInterfaceOrientations_iPhone = "UIInterfaceOrientationPortrait UIInterfaceOrientationLandscapeLeft UIInterfaceOrientationLandscapeRight";
				LD_RUNPATH_SEARCH_PATHS = (
					"$(inherited)",
					"@executable_path/Frameworks",
				);
				MARKETING_VERSION = 1.0;
				PRODUCT_BUNDLE_IDENTIFIER = "gustavo.CRUD-Realm";
				PRODUCT_NAME = "$(TARGET_NAME)";
				SWIFT_EMIT_LOC_STRINGS = YES;
				SWIFT_VERSION = 5.0;
				TARGETED_DEVICE_FAMILY = "1,2";
			};
			name = Debug;
		};
		F6AC82742CC293EC00CDA71C /* Release */ = {
			isa = XCBuildConfiguration;
			baseConfigurationReference = 4E385469E63560CC71BBDCE8 /* Pods-CRUD-Realm.release.xcconfig */;
			buildSettings = {
				ASSETCATALOG_COMPILER_APPICON_NAME = AppIcon;
				ASSETCATALOG_COMPILER_GLOBAL_ACCENT_COLOR_NAME = AccentColor;
				CODE_SIGN_STYLE = Automatic;
				CURRENT_PROJECT_VERSION = 1;
				DEVELOPMENT_TEAM = LZ32UK447H;
				ENABLE_USER_SCRIPT_SANDBOXING = NO;
				GENERATE_INFOPLIST_FILE = YES;
				INFOPLIST_FILE = "CRUD-Realm/Info.plist";
				INFOPLIST_KEY_UIApplicationSupportsIndirectInputEvents = YES;
				INFOPLIST_KEY_UILaunchStoryboardName = LaunchScreen;
				INFOPLIST_KEY_UIMainStoryboardFile = Main;
				INFOPLIST_KEY_UISupportedInterfaceOrientations_iPad = "UIInterfaceOrientationPortrait UIInterfaceOrientationPortraitUpsideDown UIInterfaceOrientationLandscapeLeft UIInterfaceOrientationLandscapeRight";
				INFOPLIST_KEY_UISupportedInterfaceOrientations_iPhone = "UIInterfaceOrientationPortrait UIInterfaceOrientationLandscapeLeft UIInterfaceOrientationLandscapeRight";
				LD_RUNPATH_SEARCH_PATHS = (
					"$(inherited)",
					"@executable_path/Frameworks",
				);
				MARKETING_VERSION = 1.0;
				PRODUCT_BUNDLE_IDENTIFIER = "gustavo.CRUD-Realm";
				PRODUCT_NAME = "$(TARGET_NAME)";
				SWIFT_EMIT_LOC_STRINGS = YES;
				SWIFT_VERSION = 5.0;
				TARGETED_DEVICE_FAMILY = "1,2";
			};
			name = Release;
		};
		F6AC82752CC293EC00CDA71C /* Debug */ = {
			isa = XCBuildConfiguration;
			buildSettings = {
				ALWAYS_SEARCH_USER_PATHS = NO;
				ASSETCATALOG_COMPILER_GENERATE_SWIFT_ASSET_SYMBOL_EXTENSIONS = YES;
				CLANG_ANALYZER_NONNULL = YES;
				CLANG_ANALYZER_NUMBER_OBJECT_CONVERSION = YES_AGGRESSIVE;
				CLANG_CXX_LANGUAGE_STANDARD = "gnu++20";
				CLANG_ENABLE_MODULES = YES;
				CLANG_ENABLE_OBJC_ARC = YES;
				CLANG_ENABLE_OBJC_WEAK = YES;
				CLANG_WARN_BLOCK_CAPTURE_AUTORELEASING = YES;
				CLANG_WARN_BOOL_CONVERSION = YES;
				CLANG_WARN_COMMA = YES;
				CLANG_WARN_CONSTANT_CONVERSION = YES;
				CLANG_WARN_DEPRECATED_OBJC_IMPLEMENTATIONS = YES;
				CLANG_WARN_DIRECT_OBJC_ISA_USAGE = YES_ERROR;
				CLANG_WARN_DOCUMENTATION_COMMENTS = YES;
				CLANG_WARN_EMPTY_BODY = YES;
				CLANG_WARN_ENUM_CONVERSION = YES;
				CLANG_WARN_INFINITE_RECURSION = YES;
				CLANG_WARN_INT_CONVERSION = YES;
				CLANG_WARN_NON_LITERAL_NULL_CONVERSION = YES;
				CLANG_WARN_OBJC_IMPLICIT_RETAIN_SELF = YES;
				CLANG_WARN_OBJC_LITERAL_CONVERSION = YES;
				CLANG_WARN_OBJC_ROOT_CLASS = YES_ERROR;
				CLANG_WARN_QUOTED_INCLUDE_IN_FRAMEWORK_HEADER = YES;
				CLANG_WARN_RANGE_LOOP_ANALYSIS = YES;
				CLANG_WARN_STRICT_PROTOTYPES = YES;
				CLANG_WARN_SUSPICIOUS_MOVE = YES;
				CLANG_WARN_UNGUARDED_AVAILABILITY = YES_AGGRESSIVE;
				CLANG_WARN_UNREACHABLE_CODE = YES;
				CLANG_WARN__DUPLICATE_METHOD_MATCH = YES;
				COPY_PHASE_STRIP = NO;
				DEBUG_INFORMATION_FORMAT = dwarf;
				ENABLE_STRICT_OBJC_MSGSEND = YES;
				ENABLE_TESTABILITY = YES;
				ENABLE_USER_SCRIPT_SANDBOXING = NO;
				GCC_C_LANGUAGE_STANDARD = gnu17;
				GCC_DYNAMIC_NO_PIC = NO;
				GCC_NO_COMMON_BLOCKS = YES;
				GCC_OPTIMIZATION_LEVEL = 0;
				GCC_PREPROCESSOR_DEFINITIONS = (
					"DEBUG=1",
					"$(inherited)",
				);
				GCC_WARN_64_TO_32_BIT_CONVERSION = YES;
				GCC_WARN_ABOUT_RETURN_TYPE = YES_ERROR;
				GCC_WARN_UNDECLARED_SELECTOR = YES;
				GCC_WARN_UNINITIALIZED_AUTOS = YES_AGGRESSIVE;
				GCC_WARN_UNUSED_FUNCTION = YES;
				GCC_WARN_UNUSED_VARIABLE = YES;
				IPHONEOS_DEPLOYMENT_TARGET = 18.0;
				LOCALIZATION_PREFERS_STRING_CATALOGS = YES;
				MTL_ENABLE_DEBUG_INFO = INCLUDE_SOURCE;
				MTL_FAST_MATH = YES;
				ONLY_ACTIVE_ARCH = YES;
				SDKROOT = iphoneos;
				SWIFT_ACTIVE_COMPILATION_CONDITIONS = "DEBUG $(inherited)";
				SWIFT_OPTIMIZATION_LEVEL = "-Onone";
			};
			name = Debug;
		};
		F6AC82762CC293EC00CDA71C /* Release */ = {
			isa = XCBuildConfiguration;
			buildSettings = {
				ALWAYS_SEARCH_USER_PATHS = NO;
				ASSETCATALOG_COMPILER_GENERATE_SWIFT_ASSET_SYMBOL_EXTENSIONS = YES;
				CLANG_ANALYZER_NONNULL = YES;
				CLANG_ANALYZER_NUMBER_OBJECT_CONVERSION = YES_AGGRESSIVE;
				CLANG_CXX_LANGUAGE_STANDARD = "gnu++20";
				CLANG_ENABLE_MODULES = YES;
				CLANG_ENABLE_OBJC_ARC = YES;
				CLANG_ENABLE_OBJC_WEAK = YES;
				CLANG_WARN_BLOCK_CAPTURE_AUTORELEASING = YES;
				CLANG_WARN_BOOL_CONVERSION = YES;
				CLANG_WARN_COMMA = YES;
				CLANG_WARN_CONSTANT_CONVERSION = YES;
				CLANG_WARN_DEPRECATED_OBJC_IMPLEMENTATIONS = YES;
				CLANG_WARN_DIRECT_OBJC_ISA_USAGE = YES_ERROR;
				CLANG_WARN_DOCUMENTATION_COMMENTS = YES;
				CLANG_WARN_EMPTY_BODY = YES;
				CLANG_WARN_ENUM_CONVERSION = YES;
				CLANG_WARN_INFINITE_RECURSION = YES;
				CLANG_WARN_INT_CONVERSION = YES;
				CLANG_WARN_NON_LITERAL_NULL_CONVERSION = YES;
				CLANG_WARN_OBJC_IMPLICIT_RETAIN_SELF = YES;
				CLANG_WARN_OBJC_LITERAL_CONVERSION = YES;
				CLANG_WARN_OBJC_ROOT_CLASS = YES_ERROR;
				CLANG_WARN_QUOTED_INCLUDE_IN_FRAMEWORK_HEADER = YES;
				CLANG_WARN_RANGE_LOOP_ANALYSIS = YES;
				CLANG_WARN_STRICT_PROTOTYPES = YES;
				CLANG_WARN_SUSPICIOUS_MOVE = YES;
				CLANG_WARN_UNGUARDED_AVAILABILITY = YES_AGGRESSIVE;
				CLANG_WARN_UNREACHABLE_CODE = YES;
				CLANG_WARN__DUPLICATE_METHOD_MATCH = YES;
				COPY_PHASE_STRIP = NO;
				DEBUG_INFORMATION_FORMAT = "dwarf-with-dsym";
				ENABLE_NS_ASSERTIONS = NO;
				ENABLE_STRICT_OBJC_MSGSEND = YES;
				ENABLE_USER_SCRIPT_SANDBOXING = NO;
				GCC_C_LANGUAGE_STANDARD = gnu17;
				GCC_NO_COMMON_BLOCKS = YES;
				GCC_WARN_64_TO_32_BIT_CONVERSION = YES;
				GCC_WARN_ABOUT_RETURN_TYPE = YES_ERROR;
				GCC_WARN_UNDECLARED_SELECTOR = YES;
				GCC_WARN_UNINITIALIZED_AUTOS = YES_AGGRESSIVE;
				GCC_WARN_UNUSED_FUNCTION = YES;
				GCC_WARN_UNUSED_VARIABLE = YES;
				IPHONEOS_DEPLOYMENT_TARGET = 18.0;
				LOCALIZATION_PREFERS_STRING_CATALOGS = YES;
				MTL_ENABLE_DEBUG_INFO = NO;
				MTL_FAST_MATH = YES;
				SDKROOT = iphoneos;
				SWIFT_COMPILATION_MODE = wholemodule;
				VALIDATE_PRODUCT = YES;
			};
			name = Release;
		};
/* End XCBuildConfiguration section */

/* Begin XCConfigurationList section */
		F6AC825A2CC293EA00CDA71C /* Build configuration list for PBXProject "DailyTasks" */ = {
			isa = XCConfigurationList;
			buildConfigurations = (
				F6AC82752CC293EC00CDA71C /* Debug */,
				F6AC82762CC293EC00CDA71C /* Release */,
			);
			defaultConfigurationIsVisible = 0;
			defaultConfigurationName = Release;
		};
		F6AC82722CC293EC00CDA71C /* Build configuration list for PBXNativeTarget "CRUD-Realm" */ = {
			isa = XCConfigurationList;
			buildConfigurations = (
				F6AC82732CC293EC00CDA71C /* Debug */,
				F6AC82742CC293EC00CDA71C /* Release */,
			);
			defaultConfigurationIsVisible = 0;
			defaultConfigurationName = Release;
		};
/* End XCConfigurationList section */
	};
	rootObject = F6AC82572CC293EA00CDA71C /* Project object */;
}
